// !$*UTF8*$!
{
	archiveVersion = 1;
	classes = {
	};
	objectVersion = 46;
	objects = {

/* Begin PBXBuildFile section */
		361C00E317744F7E0004D9A9 /* textfield_isimyaz.png in Resources */ = {isa = PBXBuildFile; fileRef = 361C00D217744F7E0004D9A9 /* textfield_isimyaz.png */; };
		361C00E417744F7E0004D9A9 /* button_kizilay.png in Resources */ = {isa = PBXBuildFile; fileRef = 361C00D317744F7E0004D9A9 /* button_kizilay.png */; };
		361C00E517744F7E0004D9A9 /* button_kugulupark.png in Resources */ = {isa = PBXBuildFile; fileRef = 361C00D417744F7E0004D9A9 /* button_kugulupark.png */; };
		361C00E617744F7E0004D9A9 /* button_tunalihilmi.png in Resources */ = {isa = PBXBuildFile; fileRef = 361C00D517744F7E0004D9A9 /* button_tunalihilmi.png */; };
		361C00E717744F7E0004D9A9 /* button_kennedy.png in Resources */ = {isa = PBXBuildFile; fileRef = 361C00D617744F7E0004D9A9 /* button_kennedy.png */; };
		361C00E817744F7E0004D9A9 /* button_ankara.png in Resources */ = {isa = PBXBuildFile; fileRef = 361C00D717744F7E0004D9A9 /* button_ankara.png */; };
		361C00E917744F7E0004D9A9 /* button_istanbul.png in Resources */ = {isa = PBXBuildFile; fileRef = 361C00D817744F7E0004D9A9 /* button_istanbul.png */; };
		361C00EA17744F7E0004D9A9 /* statusbar.png in Resources */ = {isa = PBXBuildFile; fileRef = 361C00D917744F7E0004D9A9 /* statusbar.png */; };
		361C00EB17744F7E0004D9A9 /* button_dukkan.png in Resources */ = {isa = PBXBuildFile; fileRef = 361C00DA17744F7E0004D9A9 /* button_dukkan.png */; };
		361C00EC17744F7E0004D9A9 /* button_dinlen.png in Resources */ = {isa = PBXBuildFile; fileRef = 361C00DB17744F7E0004D9A9 /* button_dinlen.png */; };
		361C00ED17744F7E0004D9A9 /* button_direnisegit.png in Resources */ = {isa = PBXBuildFile; fileRef = 361C00DC17744F7E0004D9A9 /* button_direnisegit.png */; };
		361C00EE17744F7E0004D9A9 /* button.png in Resources */ = {isa = PBXBuildFile; fileRef = 361C00DD17744F7E0004D9A9 /* button.png */; };
		361C00EF17744F7E0004D9A9 /* intro_hashtags.png in Resources */ = {isa = PBXBuildFile; fileRef = 361C00DE17744F7E0004D9A9 /* intro_hashtags.png */; };
		361C00F017744F7E0004D9A9 /* button_yenioyun.png in Resources */ = {isa = PBXBuildFile; fileRef = 361C00DF17744F7E0004D9A9 /* button_yenioyun.png */; };
		361C00F117744F7E0004D9A9 /* button_nasiloynanir.png in Resources */ = {isa = PBXBuildFile; fileRef = 361C00E017744F7E0004D9A9 /* button_nasiloynanir.png */; };
		361C00F217744F7E0004D9A9 /* button_devamet.png in Resources */ = {isa = PBXBuildFile; fileRef = 361C00E117744F7E0004D9A9 /* button_devamet.png */; };
		361C00F317744F7E0004D9A9 /* logo.png in Resources */ = {isa = PBXBuildFile; fileRef = 361C00E217744F7E0004D9A9 /* logo.png */; };
		3659BD58176BDA7300557D18 /* UIKit.framework in Frameworks */ = {isa = PBXBuildFile; fileRef = 3659BD57176BDA7300557D18 /* UIKit.framework */; };
		3659BD5A176BDA7300557D18 /* Foundation.framework in Frameworks */ = {isa = PBXBuildFile; fileRef = 3659BD59176BDA7300557D18 /* Foundation.framework */; };
		3659BD5C176BDA7300557D18 /* CoreGraphics.framework in Frameworks */ = {isa = PBXBuildFile; fileRef = 3659BD5B176BDA7300557D18 /* CoreGraphics.framework */; };
		3659BD92176BDABC00557D18 /* Database.plist in Resources */ = {isa = PBXBuildFile; fileRef = 3659BD75176BDABC00557D18 /* Database.plist */; };
		3659BD93176BDABC00557D18 /* Default-568h@2x.png in Resources */ = {isa = PBXBuildFile; fileRef = 3659BD76176BDABC00557D18 /* Default-568h@2x.png */; };
		3659BD94176BDABC00557D18 /* Default.png in Resources */ = {isa = PBXBuildFile; fileRef = 3659BD77176BDABC00557D18 /* Default.png */; };
		3659BD95176BDABC00557D18 /* Default@2x.png in Resources */ = {isa = PBXBuildFile; fileRef = 3659BD78176BDABC00557D18 /* Default@2x.png */; };
		3659BD96176BDABC00557D18 /* Direnis-Info.plist in Resources */ = {isa = PBXBuildFile; fileRef = 3659BD79176BDABC00557D18 /* Direnis-Info.plist */; };
		3659BD97176BDABC00557D18 /* DNAppDelegate.m in Sources */ = {isa = PBXBuildFile; fileRef = 3659BD7C176BDABC00557D18 /* DNAppDelegate.m */; };
		3659BD98176BDABC00557D18 /* DNEylemController.m in Sources */ = {isa = PBXBuildFile; fileRef = 3659BD7E176BDABC00557D18 /* DNEylemController.m */; };
		3659BD99176BDABC00557D18 /* DNEylemResultController.m in Sources */ = {isa = PBXBuildFile; fileRef = 3659BD80176BDABC00557D18 /* DNEylemResultController.m */; };
		3659BD9A176BDABC00557D18 /* DNHomeController.m in Sources */ = {isa = PBXBuildFile; fileRef = 3659BD82176BDABC00557D18 /* DNHomeController.m */; };
		3659BD9B176BDABC00557D18 /* DNMenuController.m in Sources */ = {isa = PBXBuildFile; fileRef = 3659BD84176BDABC00557D18 /* DNMenuController.m */; };
		3659BD9C176BDABC00557D18 /* DNMeydanController.m in Sources */ = {isa = PBXBuildFile; fileRef = 3659BD86176BDABC00557D18 /* DNMeydanController.m */; };
		3659BD9D176BDABC00557D18 /* DNPlayer.m in Sources */ = {isa = PBXBuildFile; fileRef = 3659BD88176BDABC00557D18 /* DNPlayer.m */; };
		3659BD9E176BDABC00557D18 /* DNShopController.m in Sources */ = {isa = PBXBuildFile; fileRef = 3659BD8A176BDABC00557D18 /* DNShopController.m */; };
		3659BD9F176BDABC00557D18 /* DNViewController.m in Sources */ = {isa = PBXBuildFile; fileRef = 3659BD8C176BDABC00557D18 /* DNViewController.m */; };
		3659BDA0176BDABC00557D18 /* InfoPlist.strings in Resources */ = {isa = PBXBuildFile; fileRef = 3659BD8D176BDABC00557D18 /* InfoPlist.strings */; };
		3659BDA1176BDABC00557D18 /* MainStoryboard.storyboard in Resources */ = {isa = PBXBuildFile; fileRef = 3659BD8F176BDABC00557D18 /* MainStoryboard.storyboard */; };
		3659BDA2176BDABC00557D18 /* main.m in Sources */ = {isa = PBXBuildFile; fileRef = 3659BD91176BDABC00557D18 /* main.m */; };
		3659BDA5176CA74900557D18 /* DNStatusView.m in Sources */ = {isa = PBXBuildFile; fileRef = 3659BDA4176CA74900557D18 /* DNStatusView.m */; };
		3659BDA7176CC26400557D18 /* shop.plist in Resources */ = {isa = PBXBuildFile; fileRef = 3659BDA6176CC26400557D18 /* shop.plist */; };
		3681325A176E14FB00B6F2E6 /* Bez maske.jpg in Resources */ = {isa = PBXBuildFile; fileRef = 36813252176E14FB00B6F2E6 /* Bez maske.jpg */; };
		3681325B176E14FB00B6F2E6 /* Çift filtreli gaz maskesi.jpg in Resources */ = {isa = PBXBuildFile; fileRef = 36813253176E14FB00B6F2E6 /* Çift filtreli gaz maskesi.jpg */; };
		3681325C176E14FB00B6F2E6 /* Tam yüz gaz maskesi.jpg in Resources */ = {isa = PBXBuildFile; fileRef = 36813254176E14FB00B6F2E6 /* Tam yüz gaz maskesi.jpg */; };
		3681325D176E14FB00B6F2E6 /* Kaşkol.jpg in Resources */ = {isa = PBXBuildFile; fileRef = 36813255176E14FB00B6F2E6 /* Kaşkol.jpg */; };
		3681325E176E14FB00B6F2E6 /* Antika gaz maskesi.jpg in Resources */ = {isa = PBXBuildFile; fileRef = 36813256176E14FB00B6F2E6 /* Antika gaz maskesi.jpg */; };
		3681325F176E14FB00B6F2E6 /* Kar Maskesi.jpg in Resources */ = {isa = PBXBuildFile; fileRef = 36813257176E14FB00B6F2E6 /* Kar Maskesi.jpg */; };
		36813260176E14FB00B6F2E6 /* Ordu Malı Gaz Maskesi.jpg in Resources */ = {isa = PBXBuildFile; fileRef = 36813258176E14FB00B6F2E6 /* Ordu Malı Gaz Maskesi.jpg */; };
		36813261176E14FB00B6F2E6 /* Tek filtreli gaz maskesi.jpg in Resources */ = {isa = PBXBuildFile; fileRef = 36813259176E14FB00B6F2E6 /* Tek filtreli gaz maskesi.jpg */; };
		36813263176E155200B6F2E6 /* Talcid.jpg in Resources */ = {isa = PBXBuildFile; fileRef = 36813262176E155200B6F2E6 /* Talcid.jpg */; };
		36813268176E163E00B6F2E6 /* Limon Suyu.jpg in Resources */ = {isa = PBXBuildFile; fileRef = 36813266176E163E00B6F2E6 /* Limon Suyu.jpg */; };
		36813269176E163E00B6F2E6 /* Sirke.jpg in Resources */ = {isa = PBXBuildFile; fileRef = 36813267176E163E00B6F2E6 /* Sirke.jpg */; };
/* End PBXBuildFile section */

/* Begin PBXFileReference section */
		361C00D217744F7E0004D9A9 /* textfield_isimyaz.png */ = {isa = PBXFileReference; lastKnownFileType = image.png; path = textfield_isimyaz.png; sourceTree = "<group>"; };
		361C00D317744F7E0004D9A9 /* button_kizilay.png */ = {isa = PBXFileReference; lastKnownFileType = image.png; path = button_kizilay.png; sourceTree = "<group>"; };
		361C00D417744F7E0004D9A9 /* button_kugulupark.png */ = {isa = PBXFileReference; lastKnownFileType = image.png; path = button_kugulupark.png; sourceTree = "<group>"; };
		361C00D517744F7E0004D9A9 /* button_tunalihilmi.png */ = {isa = PBXFileReference; lastKnownFileType = image.png; path = button_tunalihilmi.png; sourceTree = "<group>"; };
		361C00D617744F7E0004D9A9 /* button_kennedy.png */ = {isa = PBXFileReference; lastKnownFileType = image.png; path = button_kennedy.png; sourceTree = "<group>"; };
		361C00D717744F7E0004D9A9 /* button_ankara.png */ = {isa = PBXFileReference; lastKnownFileType = image.png; path = button_ankara.png; sourceTree = "<group>"; };
		361C00D817744F7E0004D9A9 /* button_istanbul.png */ = {isa = PBXFileReference; lastKnownFileType = image.png; path = button_istanbul.png; sourceTree = "<group>"; };
		361C00D917744F7E0004D9A9 /* statusbar.png */ = {isa = PBXFileReference; lastKnownFileType = image.png; path = statusbar.png; sourceTree = "<group>"; };
		361C00DA17744F7E0004D9A9 /* button_dukkan.png */ = {isa = PBXFileReference; lastKnownFileType = image.png; path = button_dukkan.png; sourceTree = "<group>"; };
		361C00DB17744F7E0004D9A9 /* button_dinlen.png */ = {isa = PBXFileReference; lastKnownFileType = image.png; path = button_dinlen.png; sourceTree = "<group>"; };
		361C00DC17744F7E0004D9A9 /* button_direnisegit.png */ = {isa = PBXFileReference; lastKnownFileType = image.png; path = button_direnisegit.png; sourceTree = "<group>"; };
		361C00DD17744F7E0004D9A9 /* button.png */ = {isa = PBXFileReference; lastKnownFileType = image.png; path = button.png; sourceTree = "<group>"; };
		361C00DE17744F7E0004D9A9 /* intro_hashtags.png */ = {isa = PBXFileReference; lastKnownFileType = image.png; path = intro_hashtags.png; sourceTree = "<group>"; };
		361C00DF17744F7E0004D9A9 /* button_yenioyun.png */ = {isa = PBXFileReference; lastKnownFileType = image.png; path = button_yenioyun.png; sourceTree = "<group>"; };
		361C00E017744F7E0004D9A9 /* button_nasiloynanir.png */ = {isa = PBXFileReference; lastKnownFileType = image.png; path = button_nasiloynanir.png; sourceTree = "<group>"; };
		361C00E117744F7E0004D9A9 /* button_devamet.png */ = {isa = PBXFileReference; lastKnownFileType = image.png; path = button_devamet.png; sourceTree = "<group>"; };
		361C00E217744F7E0004D9A9 /* logo.png */ = {isa = PBXFileReference; lastKnownFileType = image.png; path = logo.png; sourceTree = "<group>"; };
		3659BD54176BDA7300557D18 /* Direnis.app */ = {isa = PBXFileReference; explicitFileType = wrapper.application; includeInIndex = 0; path = Direnis.app; sourceTree = BUILT_PRODUCTS_DIR; };
		3659BD57176BDA7300557D18 /* UIKit.framework */ = {isa = PBXFileReference; lastKnownFileType = wrapper.framework; name = UIKit.framework; path = System/Library/Frameworks/UIKit.framework; sourceTree = SDKROOT; };
		3659BD59176BDA7300557D18 /* Foundation.framework */ = {isa = PBXFileReference; lastKnownFileType = wrapper.framework; name = Foundation.framework; path = System/Library/Frameworks/Foundation.framework; sourceTree = SDKROOT; };
		3659BD5B176BDA7300557D18 /* CoreGraphics.framework */ = {isa = PBXFileReference; lastKnownFileType = wrapper.framework; name = CoreGraphics.framework; path = System/Library/Frameworks/CoreGraphics.framework; sourceTree = SDKROOT; };
		3659BD75176BDABC00557D18 /* Database.plist */ = {isa = PBXFileReference; fileEncoding = 4; lastKnownFileType = text.plist.xml; path = Database.plist; sourceTree = "<group>"; };
		3659BD76176BDABC00557D18 /* Default-568h@2x.png */ = {isa = PBXFileReference; lastKnownFileType = image.png; path = "Default-568h@2x.png"; sourceTree = "<group>"; };
		3659BD77176BDABC00557D18 /* Default.png */ = {isa = PBXFileReference; lastKnownFileType = image.png; path = Default.png; sourceTree = "<group>"; };
		3659BD78176BDABC00557D18 /* Default@2x.png */ = {isa = PBXFileReference; lastKnownFileType = image.png; path = "Default@2x.png"; sourceTree = "<group>"; };
		3659BD79176BDABC00557D18 /* Direnis-Info.plist */ = {isa = PBXFileReference; fileEncoding = 4; lastKnownFileType = text.plist.xml; path = "Direnis-Info.plist"; sourceTree = "<group>"; };
		3659BD7A176BDABC00557D18 /* Direnis-Prefix.pch */ = {isa = PBXFileReference; fileEncoding = 4; lastKnownFileType = sourcecode.c.h; path = "Direnis-Prefix.pch"; sourceTree = "<group>"; };
		3659BD7B176BDABC00557D18 /* DNAppDelegate.h */ = {isa = PBXFileReference; fileEncoding = 4; lastKnownFileType = sourcecode.c.h; path = DNAppDelegate.h; sourceTree = "<group>"; };
		3659BD7C176BDABC00557D18 /* DNAppDelegate.m */ = {isa = PBXFileReference; fileEncoding = 4; lastKnownFileType = sourcecode.c.objc; path = DNAppDelegate.m; sourceTree = "<group>"; };
		3659BD7D176BDABC00557D18 /* DNEylemController.h */ = {isa = PBXFileReference; fileEncoding = 4; lastKnownFileType = sourcecode.c.h; path = DNEylemController.h; sourceTree = "<group>"; };
		3659BD7E176BDABC00557D18 /* DNEylemController.m */ = {isa = PBXFileReference; fileEncoding = 4; lastKnownFileType = sourcecode.c.objc; path = DNEylemController.m; sourceTree = "<group>"; };
		3659BD7F176BDABC00557D18 /* DNEylemResultController.h */ = {isa = PBXFileReference; fileEncoding = 4; lastKnownFileType = sourcecode.c.h; path = DNEylemResultController.h; sourceTree = "<group>"; };
		3659BD80176BDABC00557D18 /* DNEylemResultController.m */ = {isa = PBXFileReference; fileEncoding = 4; lastKnownFileType = sourcecode.c.objc; path = DNEylemResultController.m; sourceTree = "<group>"; };
		3659BD81176BDABC00557D18 /* DNHomeController.h */ = {isa = PBXFileReference; fileEncoding = 4; lastKnownFileType = sourcecode.c.h; path = DNHomeController.h; sourceTree = "<group>"; };
		3659BD82176BDABC00557D18 /* DNHomeController.m */ = {isa = PBXFileReference; fileEncoding = 4; lastKnownFileType = sourcecode.c.objc; path = DNHomeController.m; sourceTree = "<group>"; };
		3659BD83176BDABC00557D18 /* DNMenuController.h */ = {isa = PBXFileReference; fileEncoding = 4; lastKnownFileType = sourcecode.c.h; path = DNMenuController.h; sourceTree = "<group>"; };
		3659BD84176BDABC00557D18 /* DNMenuController.m */ = {isa = PBXFileReference; fileEncoding = 4; lastKnownFileType = sourcecode.c.objc; path = DNMenuController.m; sourceTree = "<group>"; };
		3659BD85176BDABC00557D18 /* DNMeydanController.h */ = {isa = PBXFileReference; fileEncoding = 4; lastKnownFileType = sourcecode.c.h; path = DNMeydanController.h; sourceTree = "<group>"; };
		3659BD86176BDABC00557D18 /* DNMeydanController.m */ = {isa = PBXFileReference; fileEncoding = 4; lastKnownFileType = sourcecode.c.objc; path = DNMeydanController.m; sourceTree = "<group>"; };
		3659BD87176BDABC00557D18 /* DNPlayer.h */ = {isa = PBXFileReference; fileEncoding = 4; lastKnownFileType = sourcecode.c.h; path = DNPlayer.h; sourceTree = "<group>"; };
		3659BD88176BDABC00557D18 /* DNPlayer.m */ = {isa = PBXFileReference; fileEncoding = 4; lastKnownFileType = sourcecode.c.objc; path = DNPlayer.m; sourceTree = "<group>"; };
		3659BD89176BDABC00557D18 /* DNShopController.h */ = {isa = PBXFileReference; fileEncoding = 4; lastKnownFileType = sourcecode.c.h; path = DNShopController.h; sourceTree = "<group>"; };
		3659BD8A176BDABC00557D18 /* DNShopController.m */ = {isa = PBXFileReference; fileEncoding = 4; lastKnownFileType = sourcecode.c.objc; path = DNShopController.m; sourceTree = "<group>"; };
		3659BD8B176BDABC00557D18 /* DNViewController.h */ = {isa = PBXFileReference; fileEncoding = 4; lastKnownFileType = sourcecode.c.h; path = DNViewController.h; sourceTree = "<group>"; };
		3659BD8C176BDABC00557D18 /* DNViewController.m */ = {isa = PBXFileReference; fileEncoding = 4; lastKnownFileType = sourcecode.c.objc; path = DNViewController.m; sourceTree = "<group>"; };
		3659BD8E176BDABC00557D18 /* en */ = {isa = PBXFileReference; lastKnownFileType = text.plist.strings; name = en; path = en.lproj/InfoPlist.strings; sourceTree = "<group>"; };
		3659BD90176BDABC00557D18 /* en */ = {isa = PBXFileReference; lastKnownFileType = file.storyboard; name = en; path = en.lproj/MainStoryboard.storyboard; sourceTree = "<group>"; };
		3659BD91176BDABC00557D18 /* main.m */ = {isa = PBXFileReference; fileEncoding = 4; lastKnownFileType = sourcecode.c.objc; path = main.m; sourceTree = "<group>"; };
		3659BDA3176CA74900557D18 /* DNStatusView.h */ = {isa = PBXFileReference; fileEncoding = 4; lastKnownFileType = sourcecode.c.h; path = DNStatusView.h; sourceTree = "<group>"; };
		3659BDA4176CA74900557D18 /* DNStatusView.m */ = {isa = PBXFileReference; fileEncoding = 4; lastKnownFileType = sourcecode.c.objc; path = DNStatusView.m; sourceTree = "<group>"; };
		3659BDA6176CC26400557D18 /* shop.plist */ = {isa = PBXFileReference; fileEncoding = 4; lastKnownFileType = text.plist.xml; path = shop.plist; sourceTree = "<group>"; };
		36813252176E14FB00B6F2E6 /* Bez maske.jpg */ = {isa = PBXFileReference; lastKnownFileType = image.jpeg; path = "Bez maske.jpg"; sourceTree = "<group>"; };
		36813253176E14FB00B6F2E6 /* Çift filtreli gaz maskesi.jpg */ = {isa = PBXFileReference; lastKnownFileType = image.jpeg; path = "Çift filtreli gaz maskesi.jpg"; sourceTree = "<group>"; };
		36813254176E14FB00B6F2E6 /* Tam yüz gaz maskesi.jpg */ = {isa = PBXFileReference; lastKnownFileType = image.jpeg; path = "Tam yüz gaz maskesi.jpg"; sourceTree = "<group>"; };
		36813255176E14FB00B6F2E6 /* Kaşkol.jpg */ = {isa = PBXFileReference; lastKnownFileType = image.jpeg; path = "Kaşkol.jpg"; sourceTree = "<group>"; };
		36813256176E14FB00B6F2E6 /* Antika gaz maskesi.jpg */ = {isa = PBXFileReference; lastKnownFileType = image.jpeg; path = "Antika gaz maskesi.jpg"; sourceTree = "<group>"; };
		36813257176E14FB00B6F2E6 /* Kar Maskesi.jpg */ = {isa = PBXFileReference; lastKnownFileType = image.jpeg; path = "Kar Maskesi.jpg"; sourceTree = "<group>"; };
		36813258176E14FB00B6F2E6 /* Ordu Malı Gaz Maskesi.jpg */ = {isa = PBXFileReference; lastKnownFileType = image.jpeg; path = "Ordu Malı Gaz Maskesi.jpg"; sourceTree = "<group>"; };
		36813259176E14FB00B6F2E6 /* Tek filtreli gaz maskesi.jpg */ = {isa = PBXFileReference; lastKnownFileType = image.jpeg; path = "Tek filtreli gaz maskesi.jpg"; sourceTree = "<group>"; };
		36813262176E155200B6F2E6 /* Talcid.jpg */ = {isa = PBXFileReference; lastKnownFileType = image.jpeg; path = Talcid.jpg; sourceTree = "<group>"; };
		36813266176E163E00B6F2E6 /* Limon Suyu.jpg */ = {isa = PBXFileReference; lastKnownFileType = image.jpeg; path = "Limon Suyu.jpg"; sourceTree = "<group>"; };
		36813267176E163E00B6F2E6 /* Sirke.jpg */ = {isa = PBXFileReference; lastKnownFileType = image.jpeg; path = Sirke.jpg; sourceTree = "<group>"; };
/* End PBXFileReference section */

/* Begin PBXFrameworksBuildPhase section */
		3659BD51176BDA7300557D18 /* Frameworks */ = {
			isa = PBXFrameworksBuildPhase;
			buildActionMask = 2147483647;
			files = (
				3659BD58176BDA7300557D18 /* UIKit.framework in Frameworks */,
				3659BD5A176BDA7300557D18 /* Foundation.framework in Frameworks */,
				3659BD5C176BDA7300557D18 /* CoreGraphics.framework in Frameworks */,
			);
			runOnlyForDeploymentPostprocessing = 0;
		};
/* End PBXFrameworksBuildPhase section */

/* Begin PBXGroup section */
		361C00D117744F710004D9A9 /* assets */ = {
			isa = PBXGroup;
			children = (
				361C00D217744F7E0004D9A9 /* textfield_isimyaz.png */,
				361C00D317744F7E0004D9A9 /* button_kizilay.png */,
				361C00D417744F7E0004D9A9 /* button_kugulupark.png */,
				361C00D517744F7E0004D9A9 /* button_tunalihilmi.png */,
				361C00D617744F7E0004D9A9 /* button_kennedy.png */,
				361C00D717744F7E0004D9A9 /* button_ankara.png */,
				361C00D817744F7E0004D9A9 /* button_istanbul.png */,
				361C00D917744F7E0004D9A9 /* statusbar.png */,
				361C00DA17744F7E0004D9A9 /* button_dukkan.png */,
				361C00DB17744F7E0004D9A9 /* button_dinlen.png */,
				361C00DC17744F7E0004D9A9 /* button_direnisegit.png */,
				361C00DD17744F7E0004D9A9 /* button.png */,
				361C00DE17744F7E0004D9A9 /* intro_hashtags.png */,
				361C00DF17744F7E0004D9A9 /* button_yenioyun.png */,
				361C00E017744F7E0004D9A9 /* button_nasiloynanir.png */,
				361C00E117744F7E0004D9A9 /* button_devamet.png */,
				361C00E217744F7E0004D9A9 /* logo.png */,
			);
			name = assets;
			sourceTree = "<group>";
		};
		3659BD4B176BDA7200557D18 = {
			isa = PBXGroup;
			children = (
				3659BD56176BDA7300557D18 /* Frameworks */,
				3659BD74176BDABC00557D18 /* Direnis */,
				3659BD55176BDA7300557D18 /* Products */,
			);
			sourceTree = "<group>";
		};
		3659BD55176BDA7300557D18 /* Products */ = {
			isa = PBXGroup;
			children = (
				3659BD54176BDA7300557D18 /* Direnis.app */,
			);
			name = Products;
			sourceTree = "<group>";
		};
		3659BD56176BDA7300557D18 /* Frameworks */ = {
			isa = PBXGroup;
			children = (
				3659BD57176BDA7300557D18 /* UIKit.framework */,
				3659BD59176BDA7300557D18 /* Foundation.framework */,
				3659BD5B176BDA7300557D18 /* CoreGraphics.framework */,
			);
			name = Frameworks;
			sourceTree = "<group>";
		};
		3659BD74176BDABC00557D18 /* Direnis */ = {
			isa = PBXGroup;
			children = (
				3659BD75176BDABC00557D18 /* Database.plist */,
				3659BD76176BDABC00557D18 /* Default-568h@2x.png */,
				3659BD77176BDABC00557D18 /* Default.png */,
				3659BD78176BDABC00557D18 /* Default@2x.png */,
				3659BD79176BDABC00557D18 /* Direnis-Info.plist */,
				3659BD7A176BDABC00557D18 /* Direnis-Prefix.pch */,
				3659BD7B176BDABC00557D18 /* DNAppDelegate.h */,
				3659BD7C176BDABC00557D18 /* DNAppDelegate.m */,
				3659BD7D176BDABC00557D18 /* DNEylemController.h */,
				3659BD7E176BDABC00557D18 /* DNEylemController.m */,
				3659BD7F176BDABC00557D18 /* DNEylemResultController.h */,
				3659BD80176BDABC00557D18 /* DNEylemResultController.m */,
				3659BD81176BDABC00557D18 /* DNHomeController.h */,
				3659BD82176BDABC00557D18 /* DNHomeController.m */,
				3659BD83176BDABC00557D18 /* DNMenuController.h */,
				3659BD84176BDABC00557D18 /* DNMenuController.m */,
				3659BD85176BDABC00557D18 /* DNMeydanController.h */,
				3659BD86176BDABC00557D18 /* DNMeydanController.m */,
				3659BD87176BDABC00557D18 /* DNPlayer.h */,
				3659BD88176BDABC00557D18 /* DNPlayer.m */,
				3659BD89176BDABC00557D18 /* DNShopController.h */,
				3659BD8A176BDABC00557D18 /* DNShopController.m */,
				3659BDA3176CA74900557D18 /* DNStatusView.h */,
				3659BDA4176CA74900557D18 /* DNStatusView.m */,
				3659BD8B176BDABC00557D18 /* DNViewController.h */,
				3659BD8C176BDABC00557D18 /* DNViewController.m */,
				3659BD8D176BDABC00557D18 /* InfoPlist.strings */,
				3659BD8F176BDABC00557D18 /* MainStoryboard.storyboard */,
				3659BD91176BDABC00557D18 /* main.m */,
				3659BDA6176CC26400557D18 /* shop.plist */,
				361C00D117744F710004D9A9 /* assets */,
				36813251176E14EE00B6F2E6 /* Items */,
			);
			path = Direnis;
			sourceTree = "<group>";
		};
		36813251176E14EE00B6F2E6 /* Items */ = {
			isa = PBXGroup;
			children = (
				36813266176E163E00B6F2E6 /* Limon Suyu.jpg */,
				36813267176E163E00B6F2E6 /* Sirke.jpg */,
				36813262176E155200B6F2E6 /* Talcid.jpg */,
				36813252176E14FB00B6F2E6 /* Bez maske.jpg */,
				36813253176E14FB00B6F2E6 /* Çift filtreli gaz maskesi.jpg */,
				36813254176E14FB00B6F2E6 /* Tam yüz gaz maskesi.jpg */,
				36813255176E14FB00B6F2E6 /* Kaşkol.jpg */,
				36813256176E14FB00B6F2E6 /* Antika gaz maskesi.jpg */,
				36813257176E14FB00B6F2E6 /* Kar Maskesi.jpg */,
				36813258176E14FB00B6F2E6 /* Ordu Malı Gaz Maskesi.jpg */,
				36813259176E14FB00B6F2E6 /* Tek filtreli gaz maskesi.jpg */,
			);
			name = Items;
			sourceTree = "<group>";
		};
/* End PBXGroup section */

/* Begin PBXNativeTarget section */
		3659BD53176BDA7300557D18 /* Direnis */ = {
			isa = PBXNativeTarget;
			buildConfigurationList = 3659BD71176BDA7300557D18 /* Build configuration list for PBXNativeTarget "Direnis" */;
			buildPhases = (
				3659BD50176BDA7300557D18 /* Sources */,
				3659BD51176BDA7300557D18 /* Frameworks */,
				3659BD52176BDA7300557D18 /* Resources */,
			);
			buildRules = (
			);
			dependencies = (
			);
			name = Direnis;
			productName = Direnis;
			productReference = 3659BD54176BDA7300557D18 /* Direnis.app */;
			productType = "com.apple.product-type.application";
		};
/* End PBXNativeTarget section */

/* Begin PBXProject section */
		3659BD4C176BDA7200557D18 /* Project object */ = {
			isa = PBXProject;
			attributes = {
				CLASSPREFIX = DN;
				LastUpgradeCheck = 0460;
				ORGANIZATIONNAME = "Can Bülbül";
			};
			buildConfigurationList = 3659BD4F176BDA7200557D18 /* Build configuration list for PBXProject "Direnis" */;
			compatibilityVersion = "Xcode 3.2";
			developmentRegion = English;
			hasScannedForEncodings = 0;
			knownRegions = (
				en,
			);
			mainGroup = 3659BD4B176BDA7200557D18;
			productRefGroup = 3659BD55176BDA7300557D18 /* Products */;
			projectDirPath = "";
			projectRoot = "";
			targets = (
				3659BD53176BDA7300557D18 /* Direnis */,
			);
		};
/* End PBXProject section */

/* Begin PBXResourcesBuildPhase section */
		3659BD52176BDA7300557D18 /* Resources */ = {
			isa = PBXResourcesBuildPhase;
			buildActionMask = 2147483647;
			files = (
				3659BD92176BDABC00557D18 /* Database.plist in Resources */,
				3659BD93176BDABC00557D18 /* Default-568h@2x.png in Resources */,
				3659BD94176BDABC00557D18 /* Default.png in Resources */,
				3659BD95176BDABC00557D18 /* Default@2x.png in Resources */,
				3659BD96176BDABC00557D18 /* Direnis-Info.plist in Resources */,
				3659BDA0176BDABC00557D18 /* InfoPlist.strings in Resources */,
				3659BDA1176BDABC00557D18 /* MainStoryboard.storyboard in Resources */,
				3659BDA7176CC26400557D18 /* shop.plist in Resources */,
				3681325A176E14FB00B6F2E6 /* Bez maske.jpg in Resources */,
				3681325B176E14FB00B6F2E6 /* Çift filtreli gaz maskesi.jpg in Resources */,
				3681325C176E14FB00B6F2E6 /* Tam yüz gaz maskesi.jpg in Resources */,
				3681325D176E14FB00B6F2E6 /* Kaşkol.jpg in Resources */,
				3681325E176E14FB00B6F2E6 /* Antika gaz maskesi.jpg in Resources */,
				3681325F176E14FB00B6F2E6 /* Kar Maskesi.jpg in Resources */,
				36813260176E14FB00B6F2E6 /* Ordu Malı Gaz Maskesi.jpg in Resources */,
				36813261176E14FB00B6F2E6 /* Tek filtreli gaz maskesi.jpg in Resources */,
				36813263176E155200B6F2E6 /* Talcid.jpg in Resources */,
				36813268176E163E00B6F2E6 /* Limon Suyu.jpg in Resources */,
				36813269176E163E00B6F2E6 /* Sirke.jpg in Resources */,
				361C00E317744F7E0004D9A9 /* textfield_isimyaz.png in Resources */,
				361C00E417744F7E0004D9A9 /* button_kizilay.png in Resources */,
				361C00E517744F7E0004D9A9 /* button_kugulupark.png in Resources */,
				361C00E617744F7E0004D9A9 /* button_tunalihilmi.png in Resources */,
				361C00E717744F7E0004D9A9 /* button_kennedy.png in Resources */,
				361C00E817744F7E0004D9A9 /* button_ankara.png in Resources */,
				361C00E917744F7E0004D9A9 /* button_istanbul.png in Resources */,
				361C00EA17744F7E0004D9A9 /* statusbar.png in Resources */,
				361C00EB17744F7E0004D9A9 /* button_dukkan.png in Resources */,
				361C00EC17744F7E0004D9A9 /* button_dinlen.png in Resources */,
				361C00ED17744F7E0004D9A9 /* button_direnisegit.png in Resources */,
				361C00EE17744F7E0004D9A9 /* button.png in Resources */,
				361C00EF17744F7E0004D9A9 /* intro_hashtags.png in Resources */,
				361C00F017744F7E0004D9A9 /* button_yenioyun.png in Resources */,
				361C00F117744F7E0004D9A9 /* button_nasiloynanir.png in Resources */,
				361C00F217744F7E0004D9A9 /* button_devamet.png in Resources */,
				361C00F317744F7E0004D9A9 /* logo.png in Resources */,
			);
			runOnlyForDeploymentPostprocessing = 0;
		};
/* End PBXResourcesBuildPhase section */

/* Begin PBXSourcesBuildPhase section */
		3659BD50176BDA7300557D18 /* Sources */ = {
			isa = PBXSourcesBuildPhase;
			buildActionMask = 2147483647;
			files = (
				3659BD97176BDABC00557D18 /* DNAppDelegate.m in Sources */,
				3659BD98176BDABC00557D18 /* DNEylemController.m in Sources */,
				3659BD99176BDABC00557D18 /* DNEylemResultController.m in Sources */,
				3659BD9A176BDABC00557D18 /* DNHomeController.m in Sources */,
				3659BD9B176BDABC00557D18 /* DNMenuController.m in Sources */,
				3659BD9C176BDABC00557D18 /* DNMeydanController.m in Sources */,
				3659BD9D176BDABC00557D18 /* DNPlayer.m in Sources */,
				3659BD9E176BDABC00557D18 /* DNShopController.m in Sources */,
				3659BD9F176BDABC00557D18 /* DNViewController.m in Sources */,
				3659BDA2176BDABC00557D18 /* main.m in Sources */,
				3659BDA5176CA74900557D18 /* DNStatusView.m in Sources */,
			);
			runOnlyForDeploymentPostprocessing = 0;
		};
/* End PBXSourcesBuildPhase section */

/* Begin PBXVariantGroup section */
		3659BD8D176BDABC00557D18 /* InfoPlist.strings */ = {
			isa = PBXVariantGroup;
			children = (
				3659BD8E176BDABC00557D18 /* en */,
			);
			name = InfoPlist.strings;
			sourceTree = "<group>";
		};
		3659BD8F176BDABC00557D18 /* MainStoryboard.storyboard */ = {
			isa = PBXVariantGroup;
			children = (
				3659BD90176BDABC00557D18 /* en */,
			);
			name = MainStoryboard.storyboard;
			sourceTree = "<group>";
		};
/* End PBXVariantGroup section */

/* Begin XCBuildConfiguration section */
		3659BD6F176BDA7300557D18 /* Debug */ = {
			isa = XCBuildConfiguration;
			buildSettings = {
				ALWAYS_SEARCH_USER_PATHS = NO;
				CLANG_CXX_LANGUAGE_STANDARD = "gnu++0x";
				CLANG_CXX_LIBRARY = "libc++";
				CLANG_ENABLE_OBJC_ARC = YES;
				CLANG_WARN_CONSTANT_CONVERSION = YES;
				CLANG_WARN_EMPTY_BODY = YES;
				CLANG_WARN_ENUM_CONVERSION = YES;
				CLANG_WARN_INT_CONVERSION = YES;
				CLANG_WARN__DUPLICATE_METHOD_MATCH = YES;
				"CODE_SIGN_IDENTITY[sdk=iphoneos*]" = "iPhone Developer";
				COPY_PHASE_STRIP = NO;
				GCC_C_LANGUAGE_STANDARD = gnu99;
				GCC_DYNAMIC_NO_PIC = NO;
				GCC_OPTIMIZATION_LEVEL = 0;
				GCC_PREPROCESSOR_DEFINITIONS = (
					"DEBUG=1",
					"$(inherited)",
				);
				GCC_SYMBOLS_PRIVATE_EXTERN = NO;
				GCC_WARN_ABOUT_RETURN_TYPE = YES;
				GCC_WARN_UNINITIALIZED_AUTOS = YES;
				GCC_WARN_UNUSED_VARIABLE = YES;
				IPHONEOS_DEPLOYMENT_TARGET = 6.1;
				ONLY_ACTIVE_ARCH = YES;
				SDKROOT = iphoneos;
			};
			name = Debug;
		};
		3659BD70176BDA7300557D18 /* Release */ = {
			isa = XCBuildConfiguration;
			buildSettings = {
				ALWAYS_SEARCH_USER_PATHS = NO;
				CLANG_CXX_LANGUAGE_STANDARD = "gnu++0x";
				CLANG_CXX_LIBRARY = "libc++";
				CLANG_ENABLE_OBJC_ARC = YES;
				CLANG_WARN_CONSTANT_CONVERSION = YES;
				CLANG_WARN_EMPTY_BODY = YES;
				CLANG_WARN_ENUM_CONVERSION = YES;
				CLANG_WARN_INT_CONVERSION = YES;
				CLANG_WARN__DUPLICATE_METHOD_MATCH = YES;
				"CODE_SIGN_IDENTITY[sdk=iphoneos*]" = "iPhone Developer";
				COPY_PHASE_STRIP = YES;
				GCC_C_LANGUAGE_STANDARD = gnu99;
				GCC_WARN_ABOUT_RETURN_TYPE = YES;
				GCC_WARN_UNINITIALIZED_AUTOS = YES;
				GCC_WARN_UNUSED_VARIABLE = YES;
				IPHONEOS_DEPLOYMENT_TARGET = 6.1;
				OTHER_CFLAGS = "-DNS_BLOCK_ASSERTIONS=1";
				SDKROOT = iphoneos;
				VALIDATE_PRODUCT = YES;
			};
			name = Release;
		};
		3659BD72176BDA7300557D18 /* Debug */ = {
			isa = XCBuildConfiguration;
			buildSettings = {
				GCC_PRECOMPILE_PREFIX_HEADER = YES;
				GCC_PREFIX_HEADER = "Direnis/Direnis-Prefix.pch";
				INFOPLIST_FILE = "Direnis/Direnis-Info.plist";
				PRODUCT_NAME = "$(TARGET_NAME)";
				WRAPPER_EXTENSION = app;
			};
			name = Debug;
		};
		3659BD73176BDA7300557D18 /* Release */ = {
			isa = XCBuildConfiguration;
			buildSettings = {
				GCC_PRECOMPILE_PREFIX_HEADER = YES;
				GCC_PREFIX_HEADER = "Direnis/Direnis-Prefix.pch";
				INFOPLIST_FILE = "Direnis/Direnis-Info.plist";
				PRODUCT_NAME = "$(TARGET_NAME)";
				WRAPPER_EXTENSION = app;
			};
			name = Release;
		};
/* End XCBuildConfiguration section */

/* Begin XCConfigurationList section */
		3659BD4F176BDA7200557D18 /* Build configuration list for PBXProject "Direnis" */ = {
			isa = XCConfigurationList;
			buildConfigurations = (
				3659BD6F176BDA7300557D18 /* Debug */,
				3659BD70176BDA7300557D18 /* Release */,
			);
			defaultConfigurationIsVisible = 0;
			defaultConfigurationName = Release;
		};
		3659BD71176BDA7300557D18 /* Build configuration list for PBXNativeTarget "Direnis" */ = {
			isa = XCConfigurationList;
			buildConfigurations = (
				3659BD72176BDA7300557D18 /* Debug */,
				3659BD73176BDA7300557D18 /* Release */,
			);
			defaultConfigurationIsVisible = 0;
			defaultConfigurationName = Release;
		};
/* End XCConfigurationList section */
	};
	rootObject = 3659BD4C176BDA7200557D18 /* Project object */;
}
